
Microsoft Visual Studio Solution File, Format Version 12.00
# Visual Studio Version 16
VisualStudioVersion = 16.0.30011.22
MinimumVisualStudioVersion = 10.0.40219.1
Project("{FAE04EC0-301F-11D3-BF4B-00C04F79EFBC}") = "NewSolutionSln.ConsoleTest", "NewSolutionSln.Console\NewSolutionSln.ConsoleTest.csproj", "{D143953E-DFE9-4722-9ABD-BA2C8C5F3DCE}"
EndProject
Global
	GlobalSection(SolutionConfigurationPlatforms) = preSolution
		Debug|Any CPU = Debug|Any CPU
		Release|Any CPU = Release|Any CPU
	EndGlobalSection
	GlobalSection(ProjectConfigurationPlatforms) = postSolution
		{D143953E-DFE9-4722-9ABD-BA2C8C5F3DCE}.Debug|Any CPU.ActiveCfg = Debug|Any CPU
		{D143953E-DFE9-4722-9ABD-BA2C8C5F3DCE}.Debug|Any CPU.Build.0 = Debug|Any CPU
		{D143953E-DFE9-4722-9ABD-BA2C8C5F3DCE}.Release|Any CPU.ActiveCfg = Release|Any CPU
		{D143953E-DFE9-4722-9ABD-BA2C8C5F3DCE}.Release|Any CPU.Build.0 = Release|Any CPU
	EndGlobalSection
	GlobalSection(SolutionProperties) = preSolution
		HideSolutionNode = FALSE
	EndGlobalSection
	GlobalSection(ExtensibilityGlobals) = postSolution
		SolutionGuid = {28BDBBA5-5192-4784-90A5-B1687493417E}
	EndGlobalSection
EndGlobal
